
Microsoft Visual Studio Solution File, Format Version 12.00
# Visual Studio Version 17
VisualStudioVersion = 17.12.35728.132
MinimumVisualStudioVersion = 10.0.40219.1
Project("{FAE04EC0-301F-11D3-BF4B-00C04F79EFBC}") = "WindowsFormsApp1", "WindowsFormsApp1\WindowsFormsApp1.csproj", "{89214758-5FFB-45A7-A4E5-478B2434CB16}"
EndProject
Project("{2150E333-8FDC-42A3-9474-1A3956D46DE8}") = "Solution Items", "Solution Items", "{308B405B-1FB9-4984-826A-6A715F7C2E30}"
	ProjectSection(SolutionItems) = preProject
		gitignore.txt = gitignore.txt
	EndProjectSection
EndProject
Global
	GlobalSection(SolutionConfigurationPlatforms) = preSolution
		Debug|Any CPU = Debug|Any CPU
		Release|Any CPU = Release|Any CPU
	EndGlobalSection
	GlobalSection(ProjectConfigurationPlatforms) = postSolution
		{89214758-5FFB-45A7-A4E5-478B2434CB16}.Debug|Any CPU.ActiveCfg = Debug|Any CPU
		{89214758-5FFB-45A7-A4E5-478B2434CB16}.Debug|Any CPU.Build.0 = Debug|Any CPU
		{89214758-5FFB-45A7-A4E5-478B2434CB16}.Release|Any CPU.ActiveCfg = Release|Any CPU
		{89214758-5FFB-45A7-A4E5-478B2434CB16}.Release|Any CPU.Build.0 = Release|Any CPU
	EndGlobalSection
	GlobalSection(SolutionProperties) = preSolution
		HideSolutionNode = FALSE
	EndGlobalSection
EndGlobal
